
Microsoft Visual Studio Solution File, Format Version 12.00
# Visual Studio 2012
Project("{FAE04EC0-301F-11D3-BF4B-00C04F79EFBC}") = "Deasy", "Deasy\Deasy.csproj", "{629B1552-3EBC-4E54-9C38-ACE328185CA3}"
EndProject
Project("{FAE04EC0-301F-11D3-BF4B-00C04F79EFBC}") = "Deasy.Test.Mvc3", "Deasy.Test.Mvc3\Deasy.Test.Mvc3.csproj", "{0F521D7B-7663-4E6A-90E7-C84A6ACA3A60}"
EndProject
Global
	GlobalSection(SubversionScc) = preSolution
		Svn-Managed = True
		Manager = AnkhSVN - Subversion Support for Visual Studio
	EndGlobalSection
	GlobalSection(SolutionConfigurationPlatforms) = preSolution
		Debug|Any CPU = Debug|Any CPU
		Release|Any CPU = Release|Any CPU
	EndGlobalSection
	GlobalSection(ProjectConfigurationPlatforms) = postSolution
		{629B1552-3EBC-4E54-9C38-ACE328185CA3}.Debug|Any CPU.ActiveCfg = Debug|Any CPU
		{629B1552-3EBC-4E54-9C38-ACE328185CA3}.Debug|Any CPU.Build.0 = Debug|Any CPU
		{629B1552-3EBC-4E54-9C38-ACE328185CA3}.Release|Any CPU.ActiveCfg = Release|Any CPU
		{629B1552-3EBC-4E54-9C38-ACE328185CA3}.Release|Any CPU.Build.0 = Release|Any CPU
		{0F521D7B-7663-4E6A-90E7-C84A6ACA3A60}.Debug|Any CPU.ActiveCfg = Debug|Any CPU
		{0F521D7B-7663-4E6A-90E7-C84A6ACA3A60}.Debug|Any CPU.Build.0 = Debug|Any CPU
		{0F521D7B-7663-4E6A-90E7-C84A6ACA3A60}.Release|Any CPU.ActiveCfg = Release|Any CPU
		{0F521D7B-7663-4E6A-90E7-C84A6ACA3A60}.Release|Any CPU.Build.0 = Release|Any CPU
	EndGlobalSection
	GlobalSection(SolutionProperties) = preSolution
		HideSolutionNode = FALSE
	EndGlobalSection
EndGlobal
